
Microsoft Visual Studio Solution File, Format Version 12.00
# Visual Studio Version 16
VisualStudioVersion = 16.0.31005.135
MinimumVisualStudioVersion = 10.0.40219.1
Project("{FAE04EC0-301F-11D3-BF4B-00C04F79EFBC}") = "6gyakorlat", "6gyakorlat\6gyakorlat.csproj", "{FA8BD51E-AA04-4FB3-BD82-6A921FE0D32E}"
EndProject
Global
	GlobalSection(SolutionConfigurationPlatforms) = preSolution
		Debug|Any CPU = Debug|Any CPU
		Release|Any CPU = Release|Any CPU
	EndGlobalSection
	GlobalSection(ProjectConfigurationPlatforms) = postSolution
		{FA8BD51E-AA04-4FB3-BD82-6A921FE0D32E}.Debug|Any CPU.ActiveCfg = Debug|Any CPU
		{FA8BD51E-AA04-4FB3-BD82-6A921FE0D32E}.Debug|Any CPU.Build.0 = Debug|Any CPU
		{FA8BD51E-AA04-4FB3-BD82-6A921FE0D32E}.Release|Any CPU.ActiveCfg = Release|Any CPU
		{FA8BD51E-AA04-4FB3-BD82-6A921FE0D32E}.Release|Any CPU.Build.0 = Release|Any CPU
	EndGlobalSection
	GlobalSection(SolutionProperties) = preSolution
		HideSolutionNode = FALSE
	EndGlobalSection
	GlobalSection(ExtensibilityGlobals) = postSolution
		SolutionGuid = {AB88BE74-BD3D-4D0E-9F93-D2497156AF8E}
	EndGlobalSection
EndGlobal
