
Microsoft Visual Studio Solution File, Format Version 12.00
# Visual Studio Version 16
VisualStudioVersion = 16.0.31005.135
MinimumVisualStudioVersion = 10.0.40219.1
Project("{FAE04EC0-301F-11D3-BF4B-00C04F79EFBC}") = "8.hét", "8.hét\8.hét.csproj", "{B4712AA7-819B-4E05-87BD-2C8B80A38BF5}"
EndProject
Global
	GlobalSection(SolutionConfigurationPlatforms) = preSolution
		Debug|Any CPU = Debug|Any CPU
		Release|Any CPU = Release|Any CPU
	EndGlobalSection
	GlobalSection(ProjectConfigurationPlatforms) = postSolution
		{B4712AA7-819B-4E05-87BD-2C8B80A38BF5}.Debug|Any CPU.ActiveCfg = Debug|Any CPU
		{B4712AA7-819B-4E05-87BD-2C8B80A38BF5}.Debug|Any CPU.Build.0 = Debug|Any CPU
		{B4712AA7-819B-4E05-87BD-2C8B80A38BF5}.Release|Any CPU.ActiveCfg = Release|Any CPU
		{B4712AA7-819B-4E05-87BD-2C8B80A38BF5}.Release|Any CPU.Build.0 = Release|Any CPU
	EndGlobalSection
	GlobalSection(SolutionProperties) = preSolution
		HideSolutionNode = FALSE
	EndGlobalSection
	GlobalSection(ExtensibilityGlobals) = postSolution
		SolutionGuid = {DCD36846-3CDB-4AAE-B424-87604CA6C72A}
	EndGlobalSection
EndGlobal
